// !$*UTF8*$!
{
	archiveVersion = 1;
	classes = {
	};
	objectVersion = 46;
	objects = {

/* Begin PBXBuildFile section */
		1B458A8B377D5424501B8F02 /* Pods_Frameworks_AlamofireLogging_watchOS.framework in Frameworks */ = {isa = PBXBuildFile; fileRef = 5278D561EBF2FF6C7EF7BA87 /* Pods_Frameworks_AlamofireLogging_watchOS.framework */; };
		23039757C3775AA67A751AC8 /* Pods_Frameworks_AlamofireLogging_tvOS.framework in Frameworks */ = {isa = PBXBuildFile; fileRef = C505ABCAD404D9A309442028 /* Pods_Frameworks_AlamofireLogging_tvOS.framework */; };
		38F5A797BCAB7D4899E170D2 /* Pods_Frameworks_AlamofireLogging_iOS.framework in Frameworks */ = {isa = PBXBuildFile; fileRef = 0E89C94A63F334B260154F73 /* Pods_Frameworks_AlamofireLogging_iOS.framework */; };
		464DE2EB7B7AD4E146B05C58 /* Pods_Tests_AlamofireLoggingTests_tvOS.framework in Frameworks */ = {isa = PBXBuildFile; fileRef = 7C2F6DE1473296B7267CD051 /* Pods_Tests_AlamofireLoggingTests_tvOS.framework */; };
		8C601A14A0A0CF47E95BE69E /* Pods_Frameworks_AlamofireLogging_OSX.framework in Frameworks */ = {isa = PBXBuildFile; fileRef = 61C13EAC73F11B13B369DC54 /* Pods_Frameworks_AlamofireLogging_OSX.framework */; };
		A3169DBA1DE05E8300BABAFD /* AlamofireLogging.framework in Frameworks */ = {isa = PBXBuildFile; fileRef = A3169DB01DE05E8300BABAFD /* AlamofireLogging.framework */; };
		A3169DF81DE0718900BABAFD /* AlamofireLogging.framework in Frameworks */ = {isa = PBXBuildFile; fileRef = A3169DEF1DE0718900BABAFD /* AlamofireLogging.framework */; };
		A3169E151DE072C800BABAFD /* AlamofireLogging.framework in Frameworks */ = {isa = PBXBuildFile; fileRef = A3169E0C1DE072C700BABAFD /* AlamofireLogging.framework */; };
		A3725EAB1FADC861008B70D7 /* DataRequest+Logging.swift in Sources */ = {isa = PBXBuildFile; fileRef = A3725EA81FADC861008B70D7 /* DataRequest+Logging.swift */; };
		A3725EAC1FADC861008B70D7 /* DataRequest+Logging.swift in Sources */ = {isa = PBXBuildFile; fileRef = A3725EA81FADC861008B70D7 /* DataRequest+Logging.swift */; };
		A3725EAD1FADC861008B70D7 /* DataRequest+Logging.swift in Sources */ = {isa = PBXBuildFile; fileRef = A3725EA81FADC861008B70D7 /* DataRequest+Logging.swift */; };
		A3725EAE1FADC861008B70D7 /* DataRequest+Logging.swift in Sources */ = {isa = PBXBuildFile; fileRef = A3725EA81FADC861008B70D7 /* DataRequest+Logging.swift */; };
		A3725EAF1FADC861008B70D7 /* LogLevel.swift in Sources */ = {isa = PBXBuildFile; fileRef = A3725EA91FADC861008B70D7 /* LogLevel.swift */; };
		A3725EB01FADC861008B70D7 /* LogLevel.swift in Sources */ = {isa = PBXBuildFile; fileRef = A3725EA91FADC861008B70D7 /* LogLevel.swift */; };
		A3725EB11FADC861008B70D7 /* LogLevel.swift in Sources */ = {isa = PBXBuildFile; fileRef = A3725EA91FADC861008B70D7 /* LogLevel.swift */; };
		A3725EB21FADC861008B70D7 /* LogLevel.swift in Sources */ = {isa = PBXBuildFile; fileRef = A3725EA91FADC861008B70D7 /* LogLevel.swift */; };
		A3725EB31FADC861008B70D7 /* AlamofireLogging.h in Headers */ = {isa = PBXBuildFile; fileRef = A3725EAA1FADC861008B70D7 /* AlamofireLogging.h */; settings = {ATTRIBUTES = (Public, ); }; };
		A3725EB41FADC861008B70D7 /* AlamofireLogging.h in Headers */ = {isa = PBXBuildFile; fileRef = A3725EAA1FADC861008B70D7 /* AlamofireLogging.h */; settings = {ATTRIBUTES = (Public, ); }; };
		A3725EB51FADC861008B70D7 /* AlamofireLogging.h in Headers */ = {isa = PBXBuildFile; fileRef = A3725EAA1FADC861008B70D7 /* AlamofireLogging.h */; settings = {ATTRIBUTES = (Public, ); }; };
		A3725EB61FADC861008B70D7 /* AlamofireLogging.h in Headers */ = {isa = PBXBuildFile; fileRef = A3725EAA1FADC861008B70D7 /* AlamofireLogging.h */; settings = {ATTRIBUTES = (Public, ); }; };
		A38EF2CA1DECF97000637484 /* AlamofireLoggingTests.swift in Sources */ = {isa = PBXBuildFile; fileRef = A38EF2C71DECF97000637484 /* AlamofireLoggingTests.swift */; };
		A38EF2CB1DECF97000637484 /* AlamofireLoggingTests.swift in Sources */ = {isa = PBXBuildFile; fileRef = A38EF2C71DECF97000637484 /* AlamofireLoggingTests.swift */; };
		A38EF2CC1DECF97000637484 /* AlamofireLoggingTests.swift in Sources */ = {isa = PBXBuildFile; fileRef = A38EF2C71DECF97000637484 /* AlamofireLoggingTests.swift */; };
		A8EB880B95B1FCCD1CC3500C /* Pods_Tests_AlamofireLoggingTests_OSX.framework in Frameworks */ = {isa = PBXBuildFile; fileRef = 3F13ECD3A980B4EA016C3B74 /* Pods_Tests_AlamofireLoggingTests_OSX.framework */; };
		CBC522AC6EDCEBFF5806D2CF /* Pods_Tests_AlamofireLoggingTests_iOS.framework in Frameworks */ = {isa = PBXBuildFile; fileRef = 468DCEBC393BDCB22FCA54B6 /* Pods_Tests_AlamofireLoggingTests_iOS.framework */; };
/* End PBXBuildFile section */

/* Begin PBXContainerItemProxy section */
		A3169DBB1DE05E8300BABAFD /* PBXContainerItemProxy */ = {
			isa = PBXContainerItemProxy;
			containerPortal = A3169DA71DE05E8300BABAFD /* Project object */;
			proxyType = 1;
			remoteGlobalIDString = A3169DAF1DE05E8300BABAFD;
			remoteInfo = AlamofireLogging;
		};
		A3169DF91DE0718900BABAFD /* PBXContainerItemProxy */ = {
			isa = PBXContainerItemProxy;
			containerPortal = A3169DA71DE05E8300BABAFD /* Project object */;
			proxyType = 1;
			remoteGlobalIDString = A3169DEE1DE0718900BABAFD;
			remoteInfo = AlamofireLogging;
		};
		A3169E161DE072C800BABAFD /* PBXContainerItemProxy */ = {
			isa = PBXContainerItemProxy;
			containerPortal = A3169DA71DE05E8300BABAFD /* Project object */;
			proxyType = 1;
			remoteGlobalIDString = A3169E0B1DE072C700BABAFD;
			remoteInfo = AlamofireLogging;
		};
/* End PBXContainerItemProxy section */

/* Begin PBXFileReference section */
		03022444139FE7FDB4C2068F /* Pods-Tests-AlamofireLoggingTests-iOS.release.xcconfig */ = {isa = PBXFileReference; includeInIndex = 1; lastKnownFileType = text.xcconfig; name = "Pods-Tests-AlamofireLoggingTests-iOS.release.xcconfig"; path = "Pods/Target Support Files/Pods-Tests-AlamofireLoggingTests-iOS/Pods-Tests-AlamofireLoggingTests-iOS.release.xcconfig"; sourceTree = "<group>"; };
		0E89C94A63F334B260154F73 /* Pods_Frameworks_AlamofireLogging_iOS.framework */ = {isa = PBXFileReference; explicitFileType = wrapper.framework; includeInIndex = 0; path = Pods_Frameworks_AlamofireLogging_iOS.framework; sourceTree = BUILT_PRODUCTS_DIR; };
		34968772036E15908177DABF /* Pods-Frameworks-AlamofireLogging-watchOS.release.xcconfig */ = {isa = PBXFileReference; includeInIndex = 1; lastKnownFileType = text.xcconfig; name = "Pods-Frameworks-AlamofireLogging-watchOS.release.xcconfig"; path = "Pods/Target Support Files/Pods-Frameworks-AlamofireLogging-watchOS/Pods-Frameworks-AlamofireLogging-watchOS.release.xcconfig"; sourceTree = "<group>"; };
		3578D3909F1F4C9482DBE2DF /* Pods-Tests-AlamofireLoggingTests-OSX.debug.xcconfig */ = {isa = PBXFileReference; includeInIndex = 1; lastKnownFileType = text.xcconfig; name = "Pods-Tests-AlamofireLoggingTests-OSX.debug.xcconfig"; path = "Pods/Target Support Files/Pods-Tests-AlamofireLoggingTests-OSX/Pods-Tests-AlamofireLoggingTests-OSX.debug.xcconfig"; sourceTree = "<group>"; };
		3F07F542BF252DCE7DD724EE /* Pods-Frameworks-AlamofireLogging-iOS.release.xcconfig */ = {isa = PBXFileReference; includeInIndex = 1; lastKnownFileType = text.xcconfig; name = "Pods-Frameworks-AlamofireLogging-iOS.release.xcconfig"; path = "Pods/Target Support Files/Pods-Frameworks-AlamofireLogging-iOS/Pods-Frameworks-AlamofireLogging-iOS.release.xcconfig"; sourceTree = "<group>"; };
		3F13ECD3A980B4EA016C3B74 /* Pods_Tests_AlamofireLoggingTests_OSX.framework */ = {isa = PBXFileReference; explicitFileType = wrapper.framework; includeInIndex = 0; path = Pods_Tests_AlamofireLoggingTests_OSX.framework; sourceTree = BUILT_PRODUCTS_DIR; };
		468DCEBC393BDCB22FCA54B6 /* Pods_Tests_AlamofireLoggingTests_iOS.framework */ = {isa = PBXFileReference; explicitFileType = wrapper.framework; includeInIndex = 0; path = Pods_Tests_AlamofireLoggingTests_iOS.framework; sourceTree = BUILT_PRODUCTS_DIR; };
		48A60D07B65287DB839DD2DF /* Pods-Tests-AlamofireLoggingTests-iOS.debug.xcconfig */ = {isa = PBXFileReference; includeInIndex = 1; lastKnownFileType = text.xcconfig; name = "Pods-Tests-AlamofireLoggingTests-iOS.debug.xcconfig"; path = "Pods/Target Support Files/Pods-Tests-AlamofireLoggingTests-iOS/Pods-Tests-AlamofireLoggingTests-iOS.debug.xcconfig"; sourceTree = "<group>"; };
		5278D561EBF2FF6C7EF7BA87 /* Pods_Frameworks_AlamofireLogging_watchOS.framework */ = {isa = PBXFileReference; explicitFileType = wrapper.framework; includeInIndex = 0; path = Pods_Frameworks_AlamofireLogging_watchOS.framework; sourceTree = BUILT_PRODUCTS_DIR; };
		5600124946616D636FD33F40 /* Pods-Frameworks-AlamofireLogging-tvOS.debug.xcconfig */ = {isa = PBXFileReference; includeInIndex = 1; lastKnownFileType = text.xcconfig; name = "Pods-Frameworks-AlamofireLogging-tvOS.debug.xcconfig"; path = "Pods/Target Support Files/Pods-Frameworks-AlamofireLogging-tvOS/Pods-Frameworks-AlamofireLogging-tvOS.debug.xcconfig"; sourceTree = "<group>"; };
		61C13EAC73F11B13B369DC54 /* Pods_Frameworks_AlamofireLogging_OSX.framework */ = {isa = PBXFileReference; explicitFileType = wrapper.framework; includeInIndex = 0; path = Pods_Frameworks_AlamofireLogging_OSX.framework; sourceTree = BUILT_PRODUCTS_DIR; };
		63C7F03137E43CDE81B7700B /* Pods-Frameworks-AlamofireLogging-tvOS.release.xcconfig */ = {isa = PBXFileReference; includeInIndex = 1; lastKnownFileType = text.xcconfig; name = "Pods-Frameworks-AlamofireLogging-tvOS.release.xcconfig"; path = "Pods/Target Support Files/Pods-Frameworks-AlamofireLogging-tvOS/Pods-Frameworks-AlamofireLogging-tvOS.release.xcconfig"; sourceTree = "<group>"; };
		7C2F6DE1473296B7267CD051 /* Pods_Tests_AlamofireLoggingTests_tvOS.framework */ = {isa = PBXFileReference; explicitFileType = wrapper.framework; includeInIndex = 0; path = Pods_Tests_AlamofireLoggingTests_tvOS.framework; sourceTree = BUILT_PRODUCTS_DIR; };
		7F2317062E3810C59D560D42 /* Pods-Tests-AlamofireLoggingTests-tvOS.debug.xcconfig */ = {isa = PBXFileReference; includeInIndex = 1; lastKnownFileType = text.xcconfig; name = "Pods-Tests-AlamofireLoggingTests-tvOS.debug.xcconfig"; path = "Pods/Target Support Files/Pods-Tests-AlamofireLoggingTests-tvOS/Pods-Tests-AlamofireLoggingTests-tvOS.debug.xcconfig"; sourceTree = "<group>"; };
		809D35CDBE4189A9A1A03D1A /* Pods-Frameworks-AlamofireLogging-iOS.debug.xcconfig */ = {isa = PBXFileReference; includeInIndex = 1; lastKnownFileType = text.xcconfig; name = "Pods-Frameworks-AlamofireLogging-iOS.debug.xcconfig"; path = "Pods/Target Support Files/Pods-Frameworks-AlamofireLogging-iOS/Pods-Frameworks-AlamofireLogging-iOS.debug.xcconfig"; sourceTree = "<group>"; };
		8BF06AFE75A3BEA915D7C5DA /* Pods-Tests-AlamofireLoggingTests-tvOS.release.xcconfig */ = {isa = PBXFileReference; includeInIndex = 1; lastKnownFileType = text.xcconfig; name = "Pods-Tests-AlamofireLoggingTests-tvOS.release.xcconfig"; path = "Pods/Target Support Files/Pods-Tests-AlamofireLoggingTests-tvOS/Pods-Tests-AlamofireLoggingTests-tvOS.release.xcconfig"; sourceTree = "<group>"; };
		A3169DB01DE05E8300BABAFD /* AlamofireLogging.framework */ = {isa = PBXFileReference; explicitFileType = wrapper.framework; includeInIndex = 0; path = AlamofireLogging.framework; sourceTree = BUILT_PRODUCTS_DIR; };
		A3169DB91DE05E8300BABAFD /* AlamofireLoggingTests-iOS.xctest */ = {isa = PBXFileReference; explicitFileType = wrapper.cfbundle; includeInIndex = 0; path = "AlamofireLoggingTests-iOS.xctest"; sourceTree = BUILT_PRODUCTS_DIR; };
		A3169DCC1DE0629100BABAFD /* Info.plist */ = {isa = PBXFileReference; fileEncoding = 4; lastKnownFileType = text.plist.xml; path = Info.plist; sourceTree = "<group>"; };
		A3169DD11DE062A000BABAFD /* Info.plist */ = {isa = PBXFileReference; fileEncoding = 4; lastKnownFileType = text.plist.xml; path = Info.plist; sourceTree = "<group>"; };
		A3169DDE1DE06EF400BABAFD /* AlamofireLogging.framework */ = {isa = PBXFileReference; explicitFileType = wrapper.framework; includeInIndex = 0; path = AlamofireLogging.framework; sourceTree = BUILT_PRODUCTS_DIR; };
		A3169DEF1DE0718900BABAFD /* AlamofireLogging.framework */ = {isa = PBXFileReference; explicitFileType = wrapper.framework; includeInIndex = 0; path = AlamofireLogging.framework; sourceTree = BUILT_PRODUCTS_DIR; };
		A3169DF71DE0718900BABAFD /* AlamofireLoggingTests-tvOS.xctest */ = {isa = PBXFileReference; explicitFileType = wrapper.cfbundle; includeInIndex = 0; path = "AlamofireLoggingTests-tvOS.xctest"; sourceTree = BUILT_PRODUCTS_DIR; };
		A3169E0C1DE072C700BABAFD /* AlamofireLogging.framework */ = {isa = PBXFileReference; explicitFileType = wrapper.framework; includeInIndex = 0; path = AlamofireLogging.framework; sourceTree = BUILT_PRODUCTS_DIR; };
		A3169E141DE072C800BABAFD /* AlamofireLoggingTests-OSX.xctest */ = {isa = PBXFileReference; explicitFileType = wrapper.cfbundle; includeInIndex = 0; path = "AlamofireLoggingTests-OSX.xctest"; sourceTree = BUILT_PRODUCTS_DIR; };
		A3725EA81FADC861008B70D7 /* DataRequest+Logging.swift */ = {isa = PBXFileReference; fileEncoding = 4; lastKnownFileType = sourcecode.swift; path = "DataRequest+Logging.swift"; sourceTree = "<group>"; };
		A3725EA91FADC861008B70D7 /* LogLevel.swift */ = {isa = PBXFileReference; fileEncoding = 4; lastKnownFileType = sourcecode.swift; path = LogLevel.swift; sourceTree = "<group>"; };
		A3725EAA1FADC861008B70D7 /* AlamofireLogging.h */ = {isa = PBXFileReference; fileEncoding = 4; lastKnownFileType = sourcecode.c.h; path = AlamofireLogging.h; sourceTree = "<group>"; };
		A38EF2C71DECF97000637484 /* AlamofireLoggingTests.swift */ = {isa = PBXFileReference; fileEncoding = 4; lastKnownFileType = sourcecode.swift; path = AlamofireLoggingTests.swift; sourceTree = "<group>"; };
		A5E987E2CB647419FFB2032D /* Pods-Frameworks-AlamofireLogging-OSX.release.xcconfig */ = {isa = PBXFileReference; includeInIndex = 1; lastKnownFileType = text.xcconfig; name = "Pods-Frameworks-AlamofireLogging-OSX.release.xcconfig"; path = "Pods/Target Support Files/Pods-Frameworks-AlamofireLogging-OSX/Pods-Frameworks-AlamofireLogging-OSX.release.xcconfig"; sourceTree = "<group>"; };
		BCB503C256F952BD34CC3D79 /* Pods-Frameworks-AlamofireLogging-watchOS.debug.xcconfig */ = {isa = PBXFileReference; includeInIndex = 1; lastKnownFileType = text.xcconfig; name = "Pods-Frameworks-AlamofireLogging-watchOS.debug.xcconfig"; path = "Pods/Target Support Files/Pods-Frameworks-AlamofireLogging-watchOS/Pods-Frameworks-AlamofireLogging-watchOS.debug.xcconfig"; sourceTree = "<group>"; };
		C13A2267021E90B752C4F48E /* Pods-Frameworks-AlamofireLogging-OSX.debug.xcconfig */ = {isa = PBXFileReference; includeInIndex = 1; lastKnownFileType = text.xcconfig; name = "Pods-Frameworks-AlamofireLogging-OSX.debug.xcconfig"; path = "Pods/Target Support Files/Pods-Frameworks-AlamofireLogging-OSX/Pods-Frameworks-AlamofireLogging-OSX.debug.xcconfig"; sourceTree = "<group>"; };
		C505ABCAD404D9A309442028 /* Pods_Frameworks_AlamofireLogging_tvOS.framework */ = {isa = PBXFileReference; explicitFileType = wrapper.framework; includeInIndex = 0; path = Pods_Frameworks_AlamofireLogging_tvOS.framework; sourceTree = BUILT_PRODUCTS_DIR; };
		D8EA6C30A4AFD555E9C142D4 /* Pods-Tests-AlamofireLoggingTests-OSX.release.xcconfig */ = {isa = PBXFileReference; includeInIndex = 1; lastKnownFileType = text.xcconfig; name = "Pods-Tests-AlamofireLoggingTests-OSX.release.xcconfig"; path = "Pods/Target Support Files/Pods-Tests-AlamofireLoggingTests-OSX/Pods-Tests-AlamofireLoggingTests-OSX.release.xcconfig"; sourceTree = "<group>"; };
/* End PBXFileReference section */

/* Begin PBXFrameworksBuildPhase section */
		A3169DAC1DE05E8300BABAFD /* Frameworks */ = {
			isa = PBXFrameworksBuildPhase;
			buildActionMask = 2147483647;
			files = (
				38F5A797BCAB7D4899E170D2 /* Pods_Frameworks_AlamofireLogging_iOS.framework in Frameworks */,
			);
			runOnlyForDeploymentPostprocessing = 0;
		};
		A3169DB61DE05E8300BABAFD /* Frameworks */ = {
			isa = PBXFrameworksBuildPhase;
			buildActionMask = 2147483647;
			files = (
				A3169DBA1DE05E8300BABAFD /* AlamofireLogging.framework in Frameworks */,
				CBC522AC6EDCEBFF5806D2CF /* Pods_Tests_AlamofireLoggingTests_iOS.framework in Frameworks */,
			);
			runOnlyForDeploymentPostprocessing = 0;
		};
		A3169DDA1DE06EF400BABAFD /* Frameworks */ = {
			isa = PBXFrameworksBuildPhase;
			buildActionMask = 2147483647;
			files = (
				1B458A8B377D5424501B8F02 /* Pods_Frameworks_AlamofireLogging_watchOS.framework in Frameworks */,
			);
			runOnlyForDeploymentPostprocessing = 0;
		};
		A3169DEB1DE0718900BABAFD /* Frameworks */ = {
			isa = PBXFrameworksBuildPhase;
			buildActionMask = 2147483647;
			files = (
				23039757C3775AA67A751AC8 /* Pods_Frameworks_AlamofireLogging_tvOS.framework in Frameworks */,
			);
			runOnlyForDeploymentPostprocessing = 0;
		};
		A3169DF41DE0718900BABAFD /* Frameworks */ = {
			isa = PBXFrameworksBuildPhase;
			buildActionMask = 2147483647;
			files = (
				A3169DF81DE0718900BABAFD /* AlamofireLogging.framework in Frameworks */,
				464DE2EB7B7AD4E146B05C58 /* Pods_Tests_AlamofireLoggingTests_tvOS.framework in Frameworks */,
			);
			runOnlyForDeploymentPostprocessing = 0;
		};
		A3169E081DE072C700BABAFD /* Frameworks */ = {
			isa = PBXFrameworksBuildPhase;
			buildActionMask = 2147483647;
			files = (
				8C601A14A0A0CF47E95BE69E /* Pods_Frameworks_AlamofireLogging_OSX.framework in Frameworks */,
			);
			runOnlyForDeploymentPostprocessing = 0;
		};
		A3169E111DE072C800BABAFD /* Frameworks */ = {
			isa = PBXFrameworksBuildPhase;
			buildActionMask = 2147483647;
			files = (
				A3169E151DE072C800BABAFD /* AlamofireLogging.framework in Frameworks */,
				A8EB880B95B1FCCD1CC3500C /* Pods_Tests_AlamofireLoggingTests_OSX.framework in Frameworks */,
			);
			runOnlyForDeploymentPostprocessing = 0;
		};
/* End PBXFrameworksBuildPhase section */

/* Begin PBXGroup section */
		7FE1C0200100E8682884ED6D /* Pods */ = {
			isa = PBXGroup;
			children = (
				C13A2267021E90B752C4F48E /* Pods-Frameworks-AlamofireLogging-OSX.debug.xcconfig */,
				A5E987E2CB647419FFB2032D /* Pods-Frameworks-AlamofireLogging-OSX.release.xcconfig */,
				809D35CDBE4189A9A1A03D1A /* Pods-Frameworks-AlamofireLogging-iOS.debug.xcconfig */,
				3F07F542BF252DCE7DD724EE /* Pods-Frameworks-AlamofireLogging-iOS.release.xcconfig */,
				5600124946616D636FD33F40 /* Pods-Frameworks-AlamofireLogging-tvOS.debug.xcconfig */,
				63C7F03137E43CDE81B7700B /* Pods-Frameworks-AlamofireLogging-tvOS.release.xcconfig */,
				BCB503C256F952BD34CC3D79 /* Pods-Frameworks-AlamofireLogging-watchOS.debug.xcconfig */,
				34968772036E15908177DABF /* Pods-Frameworks-AlamofireLogging-watchOS.release.xcconfig */,
				3578D3909F1F4C9482DBE2DF /* Pods-Tests-AlamofireLoggingTests-OSX.debug.xcconfig */,
				D8EA6C30A4AFD555E9C142D4 /* Pods-Tests-AlamofireLoggingTests-OSX.release.xcconfig */,
				48A60D07B65287DB839DD2DF /* Pods-Tests-AlamofireLoggingTests-iOS.debug.xcconfig */,
				03022444139FE7FDB4C2068F /* Pods-Tests-AlamofireLoggingTests-iOS.release.xcconfig */,
				7F2317062E3810C59D560D42 /* Pods-Tests-AlamofireLoggingTests-tvOS.debug.xcconfig */,
				8BF06AFE75A3BEA915D7C5DA /* Pods-Tests-AlamofireLoggingTests-tvOS.release.xcconfig */,
			);
			name = Pods;
			sourceTree = "<group>";
		};
		A3169DA61DE05E8300BABAFD = {
			isa = PBXGroup;
			children = (
				A3169DCA1DE0629100BABAFD /* Sources */,
				A3169DCF1DE062A000BABAFD /* Tests */,
				A3169DB11DE05E8300BABAFD /* Products */,
				7FE1C0200100E8682884ED6D /* Pods */,
				FFF0F753A5EB16F09182F16A /* Frameworks */,
			);
			sourceTree = "<group>";
		};
		A3169DB11DE05E8300BABAFD /* Products */ = {
			isa = PBXGroup;
			children = (
				A3169DB01DE05E8300BABAFD /* AlamofireLogging.framework */,
				A3169DB91DE05E8300BABAFD /* AlamofireLoggingTests-iOS.xctest */,
				A3169DDE1DE06EF400BABAFD /* AlamofireLogging.framework */,
				A3169DEF1DE0718900BABAFD /* AlamofireLogging.framework */,
				A3169DF71DE0718900BABAFD /* AlamofireLoggingTests-tvOS.xctest */,
				A3169E0C1DE072C700BABAFD /* AlamofireLogging.framework */,
				A3169E141DE072C800BABAFD /* AlamofireLoggingTests-OSX.xctest */,
			);
			name = Products;
			sourceTree = "<group>";
		};
		A3169DCA1DE0629100BABAFD /* Sources */ = {
			isa = PBXGroup;
			children = (
				A3725EA71FADC861008B70D7 /* AlamofireLogging */,
				A3169DCC1DE0629100BABAFD /* Info.plist */,
			);
			path = Sources;
			sourceTree = "<group>";
		};
		A3169DCF1DE062A000BABAFD /* Tests */ = {
			isa = PBXGroup;
			children = (
				A38EF2C61DECF97000637484 /* AlamofireLoggingTests */,
				A3169DD11DE062A000BABAFD /* Info.plist */,
			);
			path = Tests;
			sourceTree = "<group>";
		};
		A3725EA71FADC861008B70D7 /* AlamofireLogging */ = {
			isa = PBXGroup;
			children = (
				A3725EA81FADC861008B70D7 /* DataRequest+Logging.swift */,
				A3725EA91FADC861008B70D7 /* LogLevel.swift */,
				A3725EAA1FADC861008B70D7 /* AlamofireLogging.h */,
			);
			path = AlamofireLogging;
			sourceTree = "<group>";
		};
		A38EF2C61DECF97000637484 /* AlamofireLoggingTests */ = {
			isa = PBXGroup;
			children = (
				A38EF2C71DECF97000637484 /* AlamofireLoggingTests.swift */,
			);
			path = AlamofireLoggingTests;
			sourceTree = "<group>";
		};
		FFF0F753A5EB16F09182F16A /* Frameworks */ = {
			isa = PBXGroup;
			children = (
				61C13EAC73F11B13B369DC54 /* Pods_Frameworks_AlamofireLogging_OSX.framework */,
				0E89C94A63F334B260154F73 /* Pods_Frameworks_AlamofireLogging_iOS.framework */,
				C505ABCAD404D9A309442028 /* Pods_Frameworks_AlamofireLogging_tvOS.framework */,
				5278D561EBF2FF6C7EF7BA87 /* Pods_Frameworks_AlamofireLogging_watchOS.framework */,
				3F13ECD3A980B4EA016C3B74 /* Pods_Tests_AlamofireLoggingTests_OSX.framework */,
				468DCEBC393BDCB22FCA54B6 /* Pods_Tests_AlamofireLoggingTests_iOS.framework */,
				7C2F6DE1473296B7267CD051 /* Pods_Tests_AlamofireLoggingTests_tvOS.framework */,
			);
			name = Frameworks;
			sourceTree = "<group>";
		};
/* End PBXGroup section */

/* Begin PBXHeadersBuildPhase section */
		A3169E281DE07B0500BABAFD /* Headers */ = {
			isa = PBXHeadersBuildPhase;
			buildActionMask = 2147483647;
			files = (
				A3725EB51FADC861008B70D7 /* AlamofireLogging.h in Headers */,
			);
			runOnlyForDeploymentPostprocessing = 0;
		};
		A3169E2A1DE07B3E00BABAFD /* Headers */ = {
			isa = PBXHeadersBuildPhase;
			buildActionMask = 2147483647;
			files = (
				A3725EB61FADC861008B70D7 /* AlamofireLogging.h in Headers */,
			);
			runOnlyForDeploymentPostprocessing = 0;
		};
		A3169E631DE0804300BABAFD /* Headers */ = {
			isa = PBXHeadersBuildPhase;
			buildActionMask = 2147483647;
			files = (
				A3725EB31FADC861008B70D7 /* AlamofireLogging.h in Headers */,
			);
			runOnlyForDeploymentPostprocessing = 0;
		};
		A3169E651DE0804D00BABAFD /* Headers */ = {
			isa = PBXHeadersBuildPhase;
			buildActionMask = 2147483647;
			files = (
				A3725EB41FADC861008B70D7 /* AlamofireLogging.h in Headers */,
			);
			runOnlyForDeploymentPostprocessing = 0;
		};
/* End PBXHeadersBuildPhase section */

/* Begin PBXNativeTarget section */
		A3169DAF1DE05E8300BABAFD /* AlamofireLogging-iOS */ = {
			isa = PBXNativeTarget;
			buildConfigurationList = A3169DC41DE05E8300BABAFD /* Build configuration list for PBXNativeTarget "AlamofireLogging-iOS" */;
			buildPhases = (
				16F5B09A07D5705AA14B4BCC /* [CP] Check Pods Manifest.lock */,
				A3169DAB1DE05E8300BABAFD /* Sources */,
				A3169DAC1DE05E8300BABAFD /* Frameworks */,
				A3169DAE1DE05E8300BABAFD /* Resources */,
				A3169DD81DE0654400BABAFD /* Swiftlint */,
				A3169E631DE0804300BABAFD /* Headers */,
				992B0FD25EC2995040C14251 /* [CP] Copy Pods Resources */,
			);
			buildRules = (
			);
			dependencies = (
			);
			name = "AlamofireLogging-iOS";
			productName = AlamofireLogging;
			productReference = A3169DB01DE05E8300BABAFD /* AlamofireLogging.framework */;
			productType = "com.apple.product-type.framework";
		};
		A3169DB81DE05E8300BABAFD /* AlamofireLoggingTests-iOS */ = {
			isa = PBXNativeTarget;
			buildConfigurationList = A3169DC71DE05E8300BABAFD /* Build configuration list for PBXNativeTarget "AlamofireLoggingTests-iOS" */;
			buildPhases = (
				AA61F96704EA6DADEA36ECF7 /* [CP] Check Pods Manifest.lock */,
				A3169DB51DE05E8300BABAFD /* Sources */,
				A3169DB61DE05E8300BABAFD /* Frameworks */,
				A3169DB71DE05E8300BABAFD /* Resources */,
				C995390176846040E996B6ED /* [CP] Embed Pods Frameworks */,
				789673672E0FC720DE7870CA /* [CP] Copy Pods Resources */,
			);
			buildRules = (
			);
			dependencies = (
				A3169DBC1DE05E8300BABAFD /* PBXTargetDependency */,
			);
			name = "AlamofireLoggingTests-iOS";
			productName = AlamofireLoggingTests;
			productReference = A3169DB91DE05E8300BABAFD /* AlamofireLoggingTests-iOS.xctest */;
			productType = "com.apple.product-type.bundle.unit-test";
		};
		A3169DDD1DE06EF400BABAFD /* AlamofireLogging-watchOS */ = {
			isa = PBXNativeTarget;
			buildConfigurationList = A3169DE31DE06EF400BABAFD /* Build configuration list for PBXNativeTarget "AlamofireLogging-watchOS" */;
			buildPhases = (
				A8244FBA4034178D04BEC9B5 /* [CP] Check Pods Manifest.lock */,
				A3169DD91DE06EF400BABAFD /* Sources */,
				A3169DDA1DE06EF400BABAFD /* Frameworks */,
				A3169DDC1DE06EF400BABAFD /* Resources */,
				A3169DE71DE06FB300BABAFD /* Swiftlint */,
				A3169E651DE0804D00BABAFD /* Headers */,
				65A18BAEDAB090AF8A92645C /* [CP] Copy Pods Resources */,
			);
			buildRules = (
			);
			dependencies = (
			);
			name = "AlamofireLogging-watchOS";
			productName = AlamofireLogging;
			productReference = A3169DDE1DE06EF400BABAFD /* AlamofireLogging.framework */;
			productType = "com.apple.product-type.framework";
		};
		A3169DEE1DE0718900BABAFD /* AlamofireLogging-tvOS */ = {
			isa = PBXNativeTarget;
			buildConfigurationList = A3169E001DE0718900BABAFD /* Build configuration list for PBXNativeTarget "AlamofireLogging-tvOS" */;
			buildPhases = (
				351CE4F000733AF8385C284E /* [CP] Check Pods Manifest.lock */,
				A3169DEA1DE0718900BABAFD /* Sources */,
				A3169DEB1DE0718900BABAFD /* Frameworks */,
				A3169DED1DE0718900BABAFD /* Resources */,
				A3169E061DE0727A00BABAFD /* Swiftlint */,
				A3169E281DE07B0500BABAFD /* Headers */,
				66D0F9C7B15E27655F5F64C6 /* [CP] Copy Pods Resources */,
			);
			buildRules = (
			);
			dependencies = (
			);
			name = "AlamofireLogging-tvOS";
			productName = AlamofireLogging;
			productReference = A3169DEF1DE0718900BABAFD /* AlamofireLogging.framework */;
			productType = "com.apple.product-type.framework";
		};
		A3169DF61DE0718900BABAFD /* AlamofireLoggingTests-tvOS */ = {
			isa = PBXNativeTarget;
			buildConfigurationList = A3169E031DE0718900BABAFD /* Build configuration list for PBXNativeTarget "AlamofireLoggingTests-tvOS" */;
			buildPhases = (
				ADC28EC6CEBB146A17A3BB93 /* [CP] Check Pods Manifest.lock */,
				A3169DF31DE0718900BABAFD /* Sources */,
				A3169DF41DE0718900BABAFD /* Frameworks */,
				A3169DF51DE0718900BABAFD /* Resources */,
				70E11AE980297685088F1C51 /* [CP] Embed Pods Frameworks */,
				60B0D671CCC948B6D6558402 /* [CP] Copy Pods Resources */,
			);
			buildRules = (
			);
			dependencies = (
				A3169DFA1DE0718900BABAFD /* PBXTargetDependency */,
			);
			name = "AlamofireLoggingTests-tvOS";
			productName = AlamofireLoggingTests;
			productReference = A3169DF71DE0718900BABAFD /* AlamofireLoggingTests-tvOS.xctest */;
			productType = "com.apple.product-type.bundle.unit-test";
		};
		A3169E0B1DE072C700BABAFD /* AlamofireLogging-OSX */ = {
			isa = PBXNativeTarget;
			buildConfigurationList = A3169E1D1DE072C800BABAFD /* Build configuration list for PBXNativeTarget "AlamofireLogging-OSX" */;
			buildPhases = (
				DD39BC188F06FC16AF70C2D5 /* [CP] Check Pods Manifest.lock */,
				A3169E071DE072C700BABAFD /* Sources */,
				A3169E081DE072C700BABAFD /* Frameworks */,
				A3169E0A1DE072C700BABAFD /* Resources */,
				A3169E231DE0732D00BABAFD /* Swiftlint */,
				A3169E2A1DE07B3E00BABAFD /* Headers */,
				541535B1C0F43360F7D1E489 /* [CP] Copy Pods Resources */,
			);
			buildRules = (
			);
			dependencies = (
			);
			name = "AlamofireLogging-OSX";
			productName = AlamofireLogging;
			productReference = A3169E0C1DE072C700BABAFD /* AlamofireLogging.framework */;
			productType = "com.apple.product-type.framework";
		};
		A3169E131DE072C800BABAFD /* AlamofireLoggingTests-OSX */ = {
			isa = PBXNativeTarget;
			buildConfigurationList = A3169E201DE072C800BABAFD /* Build configuration list for PBXNativeTarget "AlamofireLoggingTests-OSX" */;
			buildPhases = (
				7BCADEA2B4ACD773D02328F7 /* [CP] Check Pods Manifest.lock */,
				A3169E101DE072C800BABAFD /* Sources */,
				A3169E111DE072C800BABAFD /* Frameworks */,
				A3169E121DE072C800BABAFD /* Resources */,
				7F1C9893800AA17047869EF4 /* [CP] Embed Pods Frameworks */,
				4ED73E6000DDC8208C2F9D13 /* [CP] Copy Pods Resources */,
			);
			buildRules = (
			);
			dependencies = (
				A3169E171DE072C800BABAFD /* PBXTargetDependency */,
			);
			name = "AlamofireLoggingTests-OSX";
			productName = AlamofireLoggingTests;
			productReference = A3169E141DE072C800BABAFD /* AlamofireLoggingTests-OSX.xctest */;
			productType = "com.apple.product-type.bundle.unit-test";
		};
/* End PBXNativeTarget section */

/* Begin PBXProject section */
		A3169DA71DE05E8300BABAFD /* Project object */ = {
			isa = PBXProject;
			attributes = {
				LastSwiftUpdateCheck = 0810;
				LastUpgradeCheck = 0900;
				ORGANIZATIONNAME = Digipolitan;
				TargetAttributes = {
					A3169DAF1DE05E8300BABAFD = {
						CreatedOnToolsVersion = 8.1;
						DevelopmentTeam = 582762VK3P;
						LastSwiftMigration = 0830;
						ProvisioningStyle = Automatic;
					};
					A3169DB81DE05E8300BABAFD = {
						CreatedOnToolsVersion = 8.1;
						DevelopmentTeam = 582762VK3P;
						ProvisioningStyle = Automatic;
					};
					A3169DDD1DE06EF400BABAFD = {
						CreatedOnToolsVersion = 8.1;
						DevelopmentTeam = 582762VK3P;
						LastSwiftMigration = 0830;
						ProvisioningStyle = Automatic;
					};
					A3169DEE1DE0718900BABAFD = {
						CreatedOnToolsVersion = 8.1;
						DevelopmentTeam = 582762VK3P;
						LastSwiftMigration = 0830;
						ProvisioningStyle = Automatic;
					};
					A3169DF61DE0718900BABAFD = {
						CreatedOnToolsVersion = 8.1;
						DevelopmentTeam = 582762VK3P;
						ProvisioningStyle = Automatic;
					};
					A3169E0B1DE072C700BABAFD = {
						CreatedOnToolsVersion = 8.1;
						DevelopmentTeam = 582762VK3P;
						LastSwiftMigration = 0830;
						ProvisioningStyle = Automatic;
					};
					A3169E131DE072C800BABAFD = {
						CreatedOnToolsVersion = 8.1;
						DevelopmentTeam = 582762VK3P;
						ProvisioningStyle = Automatic;
					};
				};
			};
			buildConfigurationList = A3169DAA1DE05E8300BABAFD /* Build configuration list for PBXProject "AlamofireLogging" */;
			compatibilityVersion = "Xcode 3.2";
			developmentRegion = English;
			hasScannedForEncodings = 0;
			knownRegions = (
				en,
			);
			mainGroup = A3169DA61DE05E8300BABAFD;
			productRefGroup = A3169DB11DE05E8300BABAFD /* Products */;
			projectDirPath = "";
			projectRoot = "";
			targets = (
				A3169DAF1DE05E8300BABAFD /* AlamofireLogging-iOS */,
				A3169DB81DE05E8300BABAFD /* AlamofireLoggingTests-iOS */,
				A3169DDD1DE06EF400BABAFD /* AlamofireLogging-watchOS */,
				A3169DEE1DE0718900BABAFD /* AlamofireLogging-tvOS */,
				A3169DF61DE0718900BABAFD /* AlamofireLoggingTests-tvOS */,
				A3169E0B1DE072C700BABAFD /* AlamofireLogging-OSX */,
				A3169E131DE072C800BABAFD /* AlamofireLoggingTests-OSX */,
			);
		};
/* End PBXProject section */

/* Begin PBXResourcesBuildPhase section */
		A3169DAE1DE05E8300BABAFD /* Resources */ = {
			isa = PBXResourcesBuildPhase;
			buildActionMask = 2147483647;
			files = (
			);
			runOnlyForDeploymentPostprocessing = 0;
		};
		A3169DB71DE05E8300BABAFD /* Resources */ = {
			isa = PBXResourcesBuildPhase;
			buildActionMask = 2147483647;
			files = (
			);
			runOnlyForDeploymentPostprocessing = 0;
		};
		A3169DDC1DE06EF400BABAFD /* Resources */ = {
			isa = PBXResourcesBuildPhase;
			buildActionMask = 2147483647;
			files = (
			);
			runOnlyForDeploymentPostprocessing = 0;
		};
		A3169DED1DE0718900BABAFD /* Resources */ = {
			isa = PBXResourcesBuildPhase;
			buildActionMask = 2147483647;
			files = (
			);
			runOnlyForDeploymentPostprocessing = 0;
		};
		A3169DF51DE0718900BABAFD /* Resources */ = {
			isa = PBXResourcesBuildPhase;
			buildActionMask = 2147483647;
			files = (
			);
			runOnlyForDeploymentPostprocessing = 0;
		};
		A3169E0A1DE072C700BABAFD /* Resources */ = {
			isa = PBXResourcesBuildPhase;
			buildActionMask = 2147483647;
			files = (
			);
			runOnlyForDeploymentPostprocessing = 0;
		};
		A3169E121DE072C800BABAFD /* Resources */ = {
			isa = PBXResourcesBuildPhase;
			buildActionMask = 2147483647;
			files = (
			);
			runOnlyForDeploymentPostprocessing = 0;
		};
/* End PBXResourcesBuildPhase section */

/* Begin PBXShellScriptBuildPhase section */
		16F5B09A07D5705AA14B4BCC /* [CP] Check Pods Manifest.lock */ = {
			isa = PBXShellScriptBuildPhase;
			buildActionMask = 2147483647;
			files = (
			);
			inputPaths = (
				"${PODS_PODFILE_DIR_PATH}/Podfile.lock",
				"${PODS_ROOT}/Manifest.lock",
			);
			name = "[CP] Check Pods Manifest.lock";
			outputPaths = (
				"$(DERIVED_FILE_DIR)/Pods-Frameworks-AlamofireLogging-iOS-checkManifestLockResult.txt",
			);
			runOnlyForDeploymentPostprocessing = 0;
			shellPath = /bin/sh;
			shellScript = "diff \"${PODS_PODFILE_DIR_PATH}/Podfile.lock\" \"${PODS_ROOT}/Manifest.lock\" > /dev/null\nif [ $? != 0 ] ; then\n    # print error to STDERR\n    echo \"error: The sandbox is not in sync with the Podfile.lock. Run 'pod install' or update your CocoaPods installation.\" >&2\n    exit 1\nfi\n# This output is used by Xcode 'outputs' to avoid re-running this script phase.\necho \"SUCCESS\" > \"${SCRIPT_OUTPUT_FILE_0}\"\n";
			showEnvVarsInLog = 0;
		};
		351CE4F000733AF8385C284E /* [CP] Check Pods Manifest.lock */ = {
			isa = PBXShellScriptBuildPhase;
			buildActionMask = 2147483647;
			files = (
			);
			inputPaths = (
				"${PODS_PODFILE_DIR_PATH}/Podfile.lock",
				"${PODS_ROOT}/Manifest.lock",
			);
			name = "[CP] Check Pods Manifest.lock";
			outputPaths = (
				"$(DERIVED_FILE_DIR)/Pods-Frameworks-AlamofireLogging-tvOS-checkManifestLockResult.txt",
			);
			runOnlyForDeploymentPostprocessing = 0;
			shellPath = /bin/sh;
			shellScript = "diff \"${PODS_PODFILE_DIR_PATH}/Podfile.lock\" \"${PODS_ROOT}/Manifest.lock\" > /dev/null\nif [ $? != 0 ] ; then\n    # print error to STDERR\n    echo \"error: The sandbox is not in sync with the Podfile.lock. Run 'pod install' or update your CocoaPods installation.\" >&2\n    exit 1\nfi\n# This output is used by Xcode 'outputs' to avoid re-running this script phase.\necho \"SUCCESS\" > \"${SCRIPT_OUTPUT_FILE_0}\"\n";
			showEnvVarsInLog = 0;
		};
		4ED73E6000DDC8208C2F9D13 /* [CP] Copy Pods Resources */ = {
			isa = PBXShellScriptBuildPhase;
			buildActionMask = 2147483647;
			files = (
			);
			inputPaths = (
			);
			name = "[CP] Copy Pods Resources";
			outputPaths = (
			);
			runOnlyForDeploymentPostprocessing = 0;
			shellPath = /bin/sh;
			shellScript = "\"${SRCROOT}/Pods/Target Support Files/Pods-Tests-AlamofireLoggingTests-OSX/Pods-Tests-AlamofireLoggingTests-OSX-resources.sh\"\n";
			showEnvVarsInLog = 0;
		};
		541535B1C0F43360F7D1E489 /* [CP] Copy Pods Resources */ = {
			isa = PBXShellScriptBuildPhase;
			buildActionMask = 2147483647;
			files = (
			);
			inputPaths = (
			);
			name = "[CP] Copy Pods Resources";
			outputPaths = (
			);
			runOnlyForDeploymentPostprocessing = 0;
			shellPath = /bin/sh;
			shellScript = "\"${SRCROOT}/Pods/Target Support Files/Pods-Frameworks-AlamofireLogging-OSX/Pods-Frameworks-AlamofireLogging-OSX-resources.sh\"\n";
			showEnvVarsInLog = 0;
		};
		60B0D671CCC948B6D6558402 /* [CP] Copy Pods Resources */ = {
			isa = PBXShellScriptBuildPhase;
			buildActionMask = 2147483647;
			files = (
			);
			inputPaths = (
			);
			name = "[CP] Copy Pods Resources";
			outputPaths = (
			);
			runOnlyForDeploymentPostprocessing = 0;
			shellPath = /bin/sh;
			shellScript = "\"${SRCROOT}/Pods/Target Support Files/Pods-Tests-AlamofireLoggingTests-tvOS/Pods-Tests-AlamofireLoggingTests-tvOS-resources.sh\"\n";
			showEnvVarsInLog = 0;
		};
		65A18BAEDAB090AF8A92645C /* [CP] Copy Pods Resources */ = {
			isa = PBXShellScriptBuildPhase;
			buildActionMask = 2147483647;
			files = (
			);
			inputPaths = (
			);
			name = "[CP] Copy Pods Resources";
			outputPaths = (
			);
			runOnlyForDeploymentPostprocessing = 0;
			shellPath = /bin/sh;
			shellScript = "\"${SRCROOT}/Pods/Target Support Files/Pods-Frameworks-AlamofireLogging-watchOS/Pods-Frameworks-AlamofireLogging-watchOS-resources.sh\"\n";
			showEnvVarsInLog = 0;
		};
		66D0F9C7B15E27655F5F64C6 /* [CP] Copy Pods Resources */ = {
			isa = PBXShellScriptBuildPhase;
			buildActionMask = 2147483647;
			files = (
			);
			inputPaths = (
			);
			name = "[CP] Copy Pods Resources";
			outputPaths = (
			);
			runOnlyForDeploymentPostprocessing = 0;
			shellPath = /bin/sh;
			shellScript = "\"${SRCROOT}/Pods/Target Support Files/Pods-Frameworks-AlamofireLogging-tvOS/Pods-Frameworks-AlamofireLogging-tvOS-resources.sh\"\n";
			showEnvVarsInLog = 0;
		};
		70E11AE980297685088F1C51 /* [CP] Embed Pods Frameworks */ = {
			isa = PBXShellScriptBuildPhase;
			buildActionMask = 2147483647;
			files = (
			);
			inputPaths = (
				"${SRCROOT}/Pods/Target Support Files/Pods-Tests-AlamofireLoggingTests-tvOS/Pods-Tests-AlamofireLoggingTests-tvOS-frameworks.sh",
				"${BUILT_PRODUCTS_DIR}/Alamofire-tvOS/Alamofire.framework",
			);
			name = "[CP] Embed Pods Frameworks";
			outputPaths = (
				"${TARGET_BUILD_DIR}/${FRAMEWORKS_FOLDER_PATH}/Alamofire.framework",
			);
			runOnlyForDeploymentPostprocessing = 0;
			shellPath = /bin/sh;
			shellScript = "\"${SRCROOT}/Pods/Target Support Files/Pods-Tests-AlamofireLoggingTests-tvOS/Pods-Tests-AlamofireLoggingTests-tvOS-frameworks.sh\"\n";
			showEnvVarsInLog = 0;
		};
		789673672E0FC720DE7870CA /* [CP] Copy Pods Resources */ = {
			isa = PBXShellScriptBuildPhase;
			buildActionMask = 2147483647;
			files = (
			);
			inputPaths = (
			);
			name = "[CP] Copy Pods Resources";
			outputPaths = (
			);
			runOnlyForDeploymentPostprocessing = 0;
			shellPath = /bin/sh;
			shellScript = "\"${SRCROOT}/Pods/Target Support Files/Pods-Tests-AlamofireLoggingTests-iOS/Pods-Tests-AlamofireLoggingTests-iOS-resources.sh\"\n";
			showEnvVarsInLog = 0;
		};
		7BCADEA2B4ACD773D02328F7 /* [CP] Check Pods Manifest.lock */ = {
			isa = PBXShellScriptBuildPhase;
			buildActionMask = 2147483647;
			files = (
			);
			inputPaths = (
				"${PODS_PODFILE_DIR_PATH}/Podfile.lock",
				"${PODS_ROOT}/Manifest.lock",
			);
			name = "[CP] Check Pods Manifest.lock";
			outputPaths = (
				"$(DERIVED_FILE_DIR)/Pods-Tests-AlamofireLoggingTests-OSX-checkManifestLockResult.txt",
			);
			runOnlyForDeploymentPostprocessing = 0;
			shellPath = /bin/sh;
			shellScript = "diff \"${PODS_PODFILE_DIR_PATH}/Podfile.lock\" \"${PODS_ROOT}/Manifest.lock\" > /dev/null\nif [ $? != 0 ] ; then\n    # print error to STDERR\n    echo \"error: The sandbox is not in sync with the Podfile.lock. Run 'pod install' or update your CocoaPods installation.\" >&2\n    exit 1\nfi\n# This output is used by Xcode 'outputs' to avoid re-running this script phase.\necho \"SUCCESS\" > \"${SCRIPT_OUTPUT_FILE_0}\"\n";
			showEnvVarsInLog = 0;
		};
		7F1C9893800AA17047869EF4 /* [CP] Embed Pods Frameworks */ = {
			isa = PBXShellScriptBuildPhase;
			buildActionMask = 2147483647;
			files = (
			);
			inputPaths = (
				"${SRCROOT}/Pods/Target Support Files/Pods-Tests-AlamofireLoggingTests-OSX/Pods-Tests-AlamofireLoggingTests-OSX-frameworks.sh",
				"${BUILT_PRODUCTS_DIR}/Alamofire-macOS/Alamofire.framework",
			);
			name = "[CP] Embed Pods Frameworks";
			outputPaths = (
				"${TARGET_BUILD_DIR}/${FRAMEWORKS_FOLDER_PATH}/Alamofire.framework",
			);
			runOnlyForDeploymentPostprocessing = 0;
			shellPath = /bin/sh;
			shellScript = "\"${SRCROOT}/Pods/Target Support Files/Pods-Tests-AlamofireLoggingTests-OSX/Pods-Tests-AlamofireLoggingTests-OSX-frameworks.sh\"\n";
			showEnvVarsInLog = 0;
		};
		992B0FD25EC2995040C14251 /* [CP] Copy Pods Resources */ = {
			isa = PBXShellScriptBuildPhase;
			buildActionMask = 2147483647;
			files = (
			);
			inputPaths = (
			);
			name = "[CP] Copy Pods Resources";
			outputPaths = (
			);
			runOnlyForDeploymentPostprocessing = 0;
			shellPath = /bin/sh;
			shellScript = "\"${SRCROOT}/Pods/Target Support Files/Pods-Frameworks-AlamofireLogging-iOS/Pods-Frameworks-AlamofireLogging-iOS-resources.sh\"\n";
			showEnvVarsInLog = 0;
		};
		A3169DD81DE0654400BABAFD /* Swiftlint */ = {
			isa = PBXShellScriptBuildPhase;
			buildActionMask = 2147483647;
			files = (
			);
			inputPaths = (
			);
			name = Swiftlint;
			outputPaths = (
			);
			runOnlyForDeploymentPostprocessing = 0;
			shellPath = /bin/sh;
			shellScript = "if which swiftlint >/dev/null; then\n    swiftlint\nelse\n    echo \"warning: SwiftLint not installed, download from https://github.com/realm/SwiftLint\"\nfi";
		};
		A3169DE71DE06FB300BABAFD /* Swiftlint */ = {
			isa = PBXShellScriptBuildPhase;
			buildActionMask = 2147483647;
			files = (
			);
			inputPaths = (
			);
			name = Swiftlint;
			outputPaths = (
			);
			runOnlyForDeploymentPostprocessing = 0;
			shellPath = /bin/sh;
			shellScript = "if which swiftlint >/dev/null; then\n    swiftlint\nelse\n    echo \"warning: SwiftLint not installed, download from https://github.com/realm/SwiftLint\"\nfi";
		};
		A3169E061DE0727A00BABAFD /* Swiftlint */ = {
			isa = PBXShellScriptBuildPhase;
			buildActionMask = 2147483647;
			files = (
			);
			inputPaths = (
			);
			name = Swiftlint;
			outputPaths = (
			);
			runOnlyForDeploymentPostprocessing = 0;
			shellPath = /bin/sh;
			shellScript = "if which swiftlint >/dev/null; then\n    swiftlint\nelse\n    echo \"warning: SwiftLint not installed, download from https://github.com/realm/SwiftLint\"\nfi";
		};
		A3169E231DE0732D00BABAFD /* Swiftlint */ = {
			isa = PBXShellScriptBuildPhase;
			buildActionMask = 2147483647;
			files = (
			);
			inputPaths = (
			);
			name = Swiftlint;
			outputPaths = (
			);
			runOnlyForDeploymentPostprocessing = 0;
			shellPath = /bin/sh;
			shellScript = "if which swiftlint >/dev/null; then\n    swiftlint\nelse\n    echo \"warning: SwiftLint not installed, download from https://github.com/realm/SwiftLint\"\nfi";
		};
		A8244FBA4034178D04BEC9B5 /* [CP] Check Pods Manifest.lock */ = {
			isa = PBXShellScriptBuildPhase;
			buildActionMask = 2147483647;
			files = (
			);
			inputPaths = (
				"${PODS_PODFILE_DIR_PATH}/Podfile.lock",
				"${PODS_ROOT}/Manifest.lock",
			);
			name = "[CP] Check Pods Manifest.lock";
			outputPaths = (
				"$(DERIVED_FILE_DIR)/Pods-Frameworks-AlamofireLogging-watchOS-checkManifestLockResult.txt",
			);
			runOnlyForDeploymentPostprocessing = 0;
			shellPath = /bin/sh;
			shellScript = "diff \"${PODS_PODFILE_DIR_PATH}/Podfile.lock\" \"${PODS_ROOT}/Manifest.lock\" > /dev/null\nif [ $? != 0 ] ; then\n    # print error to STDERR\n    echo \"error: The sandbox is not in sync with the Podfile.lock. Run 'pod install' or update your CocoaPods installation.\" >&2\n    exit 1\nfi\n# This output is used by Xcode 'outputs' to avoid re-running this script phase.\necho \"SUCCESS\" > \"${SCRIPT_OUTPUT_FILE_0}\"\n";
			showEnvVarsInLog = 0;
		};
		AA61F96704EA6DADEA36ECF7 /* [CP] Check Pods Manifest.lock */ = {
			isa = PBXShellScriptBuildPhase;
			buildActionMask = 2147483647;
			files = (
			);
			inputPaths = (
				"${PODS_PODFILE_DIR_PATH}/Podfile.lock",
				"${PODS_ROOT}/Manifest.lock",
			);
			name = "[CP] Check Pods Manifest.lock";
			outputPaths = (
				"$(DERIVED_FILE_DIR)/Pods-Tests-AlamofireLoggingTests-iOS-checkManifestLockResult.txt",
			);
			runOnlyForDeploymentPostprocessing = 0;
			shellPath = /bin/sh;
			shellScript = "diff \"${PODS_PODFILE_DIR_PATH}/Podfile.lock\" \"${PODS_ROOT}/Manifest.lock\" > /dev/null\nif [ $? != 0 ] ; then\n    # print error to STDERR\n    echo \"error: The sandbox is not in sync with the Podfile.lock. Run 'pod install' or update your CocoaPods installation.\" >&2\n    exit 1\nfi\n# This output is used by Xcode 'outputs' to avoid re-running this script phase.\necho \"SUCCESS\" > \"${SCRIPT_OUTPUT_FILE_0}\"\n";
			showEnvVarsInLog = 0;
		};
		ADC28EC6CEBB146A17A3BB93 /* [CP] Check Pods Manifest.lock */ = {
			isa = PBXShellScriptBuildPhase;
			buildActionMask = 2147483647;
			files = (
			);
			inputPaths = (
				"${PODS_PODFILE_DIR_PATH}/Podfile.lock",
				"${PODS_ROOT}/Manifest.lock",
			);
			name = "[CP] Check Pods Manifest.lock";
			outputPaths = (
				"$(DERIVED_FILE_DIR)/Pods-Tests-AlamofireLoggingTests-tvOS-checkManifestLockResult.txt",
			);
			runOnlyForDeploymentPostprocessing = 0;
			shellPath = /bin/sh;
			shellScript = "diff \"${PODS_PODFILE_DIR_PATH}/Podfile.lock\" \"${PODS_ROOT}/Manifest.lock\" > /dev/null\nif [ $? != 0 ] ; then\n    # print error to STDERR\n    echo \"error: The sandbox is not in sync with the Podfile.lock. Run 'pod install' or update your CocoaPods installation.\" >&2\n    exit 1\nfi\n# This output is used by Xcode 'outputs' to avoid re-running this script phase.\necho \"SUCCESS\" > \"${SCRIPT_OUTPUT_FILE_0}\"\n";
			showEnvVarsInLog = 0;
		};
		C995390176846040E996B6ED /* [CP] Embed Pods Frameworks */ = {
			isa = PBXShellScriptBuildPhase;
			buildActionMask = 2147483647;
			files = (
			);
			inputPaths = (
				"${SRCROOT}/Pods/Target Support Files/Pods-Tests-AlamofireLoggingTests-iOS/Pods-Tests-AlamofireLoggingTests-iOS-frameworks.sh",
				"${BUILT_PRODUCTS_DIR}/Alamofire-iOS/Alamofire.framework",
			);
			name = "[CP] Embed Pods Frameworks";
			outputPaths = (
				"${TARGET_BUILD_DIR}/${FRAMEWORKS_FOLDER_PATH}/Alamofire.framework",
			);
			runOnlyForDeploymentPostprocessing = 0;
			shellPath = /bin/sh;
			shellScript = "\"${SRCROOT}/Pods/Target Support Files/Pods-Tests-AlamofireLoggingTests-iOS/Pods-Tests-AlamofireLoggingTests-iOS-frameworks.sh\"\n";
			showEnvVarsInLog = 0;
		};
		DD39BC188F06FC16AF70C2D5 /* [CP] Check Pods Manifest.lock */ = {
			isa = PBXShellScriptBuildPhase;
			buildActionMask = 2147483647;
			files = (
			);
			inputPaths = (
				"${PODS_PODFILE_DIR_PATH}/Podfile.lock",
				"${PODS_ROOT}/Manifest.lock",
			);
			name = "[CP] Check Pods Manifest.lock";
			outputPaths = (
				"$(DERIVED_FILE_DIR)/Pods-Frameworks-AlamofireLogging-OSX-checkManifestLockResult.txt",
			);
			runOnlyForDeploymentPostprocessing = 0;
			shellPath = /bin/sh;
			shellScript = "diff \"${PODS_PODFILE_DIR_PATH}/Podfile.lock\" \"${PODS_ROOT}/Manifest.lock\" > /dev/null\nif [ $? != 0 ] ; then\n    # print error to STDERR\n    echo \"error: The sandbox is not in sync with the Podfile.lock. Run 'pod install' or update your CocoaPods installation.\" >&2\n    exit 1\nfi\n# This output is used by Xcode 'outputs' to avoid re-running this script phase.\necho \"SUCCESS\" > \"${SCRIPT_OUTPUT_FILE_0}\"\n";
			showEnvVarsInLog = 0;
		};
/* End PBXShellScriptBuildPhase section */

/* Begin PBXSourcesBuildPhase section */
		A3169DAB1DE05E8300BABAFD /* Sources */ = {
			isa = PBXSourcesBuildPhase;
			buildActionMask = 2147483647;
			files = (
				A3725EAB1FADC861008B70D7 /* DataRequest+Logging.swift in Sources */,
				A3725EAF1FADC861008B70D7 /* LogLevel.swift in Sources */,
			);
			runOnlyForDeploymentPostprocessing = 0;
		};
		A3169DB51DE05E8300BABAFD /* Sources */ = {
			isa = PBXSourcesBuildPhase;
			buildActionMask = 2147483647;
			files = (
				A38EF2CA1DECF97000637484 /* AlamofireLoggingTests.swift in Sources */,
			);
			runOnlyForDeploymentPostprocessing = 0;
		};
		A3169DD91DE06EF400BABAFD /* Sources */ = {
			isa = PBXSourcesBuildPhase;
			buildActionMask = 2147483647;
			files = (
				A3725EAC1FADC861008B70D7 /* DataRequest+Logging.swift in Sources */,
				A3725EB01FADC861008B70D7 /* LogLevel.swift in Sources */,
			);
			runOnlyForDeploymentPostprocessing = 0;
		};
		A3169DEA1DE0718900BABAFD /* Sources */ = {
			isa = PBXSourcesBuildPhase;
			buildActionMask = 2147483647;
			files = (
				A3725EAD1FADC861008B70D7 /* DataRequest+Logging.swift in Sources */,
				A3725EB11FADC861008B70D7 /* LogLevel.swift in Sources */,
			);
			runOnlyForDeploymentPostprocessing = 0;
		};
		A3169DF31DE0718900BABAFD /* Sources */ = {
			isa = PBXSourcesBuildPhase;
			buildActionMask = 2147483647;
			files = (
				A38EF2CB1DECF97000637484 /* AlamofireLoggingTests.swift in Sources */,
			);
			runOnlyForDeploymentPostprocessing = 0;
		};
		A3169E071DE072C700BABAFD /* Sources */ = {
			isa = PBXSourcesBuildPhase;
			buildActionMask = 2147483647;
			files = (
				A3725EAE1FADC861008B70D7 /* DataRequest+Logging.swift in Sources */,
				A3725EB21FADC861008B70D7 /* LogLevel.swift in Sources */,
			);
			runOnlyForDeploymentPostprocessing = 0;
		};
		A3169E101DE072C800BABAFD /* Sources */ = {
			isa = PBXSourcesBuildPhase;
			buildActionMask = 2147483647;
			files = (
				A38EF2CC1DECF97000637484 /* AlamofireLoggingTests.swift in Sources */,
			);
			runOnlyForDeploymentPostprocessing = 0;
		};
/* End PBXSourcesBuildPhase section */

/* Begin PBXTargetDependency section */
		A3169DBC1DE05E8300BABAFD /* PBXTargetDependency */ = {
			isa = PBXTargetDependency;
			target = A3169DAF1DE05E8300BABAFD /* AlamofireLogging-iOS */;
			targetProxy = A3169DBB1DE05E8300BABAFD /* PBXContainerItemProxy */;
		};
		A3169DFA1DE0718900BABAFD /* PBXTargetDependency */ = {
			isa = PBXTargetDependency;
			target = A3169DEE1DE0718900BABAFD /* AlamofireLogging-tvOS */;
			targetProxy = A3169DF91DE0718900BABAFD /* PBXContainerItemProxy */;
		};
		A3169E171DE072C800BABAFD /* PBXTargetDependency */ = {
			isa = PBXTargetDependency;
			target = A3169E0B1DE072C700BABAFD /* AlamofireLogging-OSX */;
			targetProxy = A3169E161DE072C800BABAFD /* PBXContainerItemProxy */;
		};
/* End PBXTargetDependency section */

/* Begin XCBuildConfiguration section */
		A3169DC21DE05E8300BABAFD /* Debug */ = {
			isa = XCBuildConfiguration;
			buildSettings = {
				ALWAYS_SEARCH_USER_PATHS = NO;
				CLANG_ANALYZER_NONNULL = YES;
				CLANG_CXX_LANGUAGE_STANDARD = "gnu++0x";
				CLANG_CXX_LIBRARY = "libc++";
				CLANG_ENABLE_OBJC_ARC = YES;
				CLANG_WARN_BLOCK_CAPTURE_AUTORELEASING = YES;
				CLANG_WARN_BOOL_CONVERSION = YES;
				CLANG_WARN_COMMA = YES;
				CLANG_WARN_CONSTANT_CONVERSION = YES;
				CLANG_WARN_DIRECT_OBJC_ISA_USAGE = YES_ERROR;
				CLANG_WARN_DOCUMENTATION_COMMENTS = YES;
				CLANG_WARN_EMPTY_BODY = YES;
				CLANG_WARN_ENUM_CONVERSION = YES;
				CLANG_WARN_INFINITE_RECURSION = YES;
				CLANG_WARN_INT_CONVERSION = YES;
				CLANG_WARN_NON_LITERAL_NULL_CONVERSION = YES;
				CLANG_WARN_OBJC_LITERAL_CONVERSION = YES;
				CLANG_WARN_OBJC_ROOT_CLASS = YES_ERROR;
				CLANG_WARN_RANGE_LOOP_ANALYSIS = YES;
				CLANG_WARN_STRICT_PROTOTYPES = YES;
				CLANG_WARN_SUSPICIOUS_MOVE = YES;
				CLANG_WARN_SUSPICIOUS_MOVES = YES;
				CLANG_WARN_UNREACHABLE_CODE = YES;
				CLANG_WARN__DUPLICATE_METHOD_MATCH = YES;
				COPY_PHASE_STRIP = NO;
				CURRENT_PROJECT_VERSION = 1;
				DEBUG_INFORMATION_FORMAT = dwarf;
				ENABLE_STRICT_OBJC_MSGSEND = YES;
				ENABLE_TESTABILITY = YES;
				GCC_C_LANGUAGE_STANDARD = gnu99;
				GCC_DYNAMIC_NO_PIC = NO;
				GCC_NO_COMMON_BLOCKS = YES;
				GCC_OPTIMIZATION_LEVEL = 0;
				GCC_PREPROCESSOR_DEFINITIONS = (
					"DEBUG=1",
					"$(inherited)",
				);
				GCC_WARN_64_TO_32_BIT_CONVERSION = YES;
				GCC_WARN_ABOUT_RETURN_TYPE = YES_ERROR;
				GCC_WARN_UNDECLARED_SELECTOR = YES;
				GCC_WARN_UNINITIALIZED_AUTOS = YES_AGGRESSIVE;
				GCC_WARN_UNUSED_FUNCTION = YES;
				GCC_WARN_UNUSED_VARIABLE = YES;
				IPHONEOS_DEPLOYMENT_TARGET = 8.0;
				MACOSX_DEPLOYMENT_TARGET = 10.10;
				MTL_ENABLE_DEBUG_INFO = YES;
				ONLY_ACTIVE_ARCH = YES;
				SDKROOT = iphoneos;
				SWIFT_ACTIVE_COMPILATION_CONDITIONS = DEBUG;
				SWIFT_OPTIMIZATION_LEVEL = "-Onone";
				SWIFT_VERSION = 4.0;
				TARGETED_DEVICE_FAMILY = "1,2";
				VERSIONING_SYSTEM = "apple-generic";
				VERSION_INFO_PREFIX = "";
			};
			name = Debug;
		};
		A3169DC31DE05E8300BABAFD /* Release */ = {
			isa = XCBuildConfiguration;
			buildSettings = {
				ALWAYS_SEARCH_USER_PATHS = NO;
				CLANG_ANALYZER_NONNULL = YES;
				CLANG_CXX_LANGUAGE_STANDARD = "gnu++0x";
				CLANG_CXX_LIBRARY = "libc++";
				CLANG_ENABLE_OBJC_ARC = YES;
				CLANG_WARN_BLOCK_CAPTURE_AUTORELEASING = YES;
				CLANG_WARN_BOOL_CONVERSION = YES;
				CLANG_WARN_COMMA = YES;
				CLANG_WARN_CONSTANT_CONVERSION = YES;
				CLANG_WARN_DIRECT_OBJC_ISA_USAGE = YES_ERROR;
				CLANG_WARN_DOCUMENTATION_COMMENTS = YES;
				CLANG_WARN_EMPTY_BODY = YES;
				CLANG_WARN_ENUM_CONVERSION = YES;
				CLANG_WARN_INFINITE_RECURSION = YES;
				CLANG_WARN_INT_CONVERSION = YES;
				CLANG_WARN_NON_LITERAL_NULL_CONVERSION = YES;
				CLANG_WARN_OBJC_LITERAL_CONVERSION = YES;
				CLANG_WARN_OBJC_ROOT_CLASS = YES_ERROR;
				CLANG_WARN_RANGE_LOOP_ANALYSIS = YES;
				CLANG_WARN_STRICT_PROTOTYPES = YES;
				CLANG_WARN_SUSPICIOUS_MOVE = YES;
				CLANG_WARN_SUSPICIOUS_MOVES = YES;
				CLANG_WARN_UNREACHABLE_CODE = YES;
				CLANG_WARN__DUPLICATE_METHOD_MATCH = YES;
				COPY_PHASE_STRIP = NO;
				CURRENT_PROJECT_VERSION = 1;
				DEBUG_INFORMATION_FORMAT = "dwarf-with-dsym";
				ENABLE_NS_ASSERTIONS = NO;
				ENABLE_STRICT_OBJC_MSGSEND = YES;
				GCC_C_LANGUAGE_STANDARD = gnu99;
				GCC_NO_COMMON_BLOCKS = YES;
				GCC_WARN_64_TO_32_BIT_CONVERSION = YES;
				GCC_WARN_ABOUT_RETURN_TYPE = YES_ERROR;
				GCC_WARN_UNDECLARED_SELECTOR = YES;
				GCC_WARN_UNINITIALIZED_AUTOS = YES_AGGRESSIVE;
				GCC_WARN_UNUSED_FUNCTION = YES;
				GCC_WARN_UNUSED_VARIABLE = YES;
				IPHONEOS_DEPLOYMENT_TARGET = 8.0;
				MACOSX_DEPLOYMENT_TARGET = 10.10;
				MTL_ENABLE_DEBUG_INFO = NO;
				SDKROOT = iphoneos;
				SWIFT_OPTIMIZATION_LEVEL = "-Owholemodule";
				SWIFT_VERSION = 4.0;
				TARGETED_DEVICE_FAMILY = "1,2";
				VALIDATE_PRODUCT = YES;
				VERSIONING_SYSTEM = "apple-generic";
				VERSION_INFO_PREFIX = "";
			};
			name = Release;
		};
		A3169DC51DE05E8300BABAFD /* Debug */ = {
			isa = XCBuildConfiguration;
			baseConfigurationReference = 809D35CDBE4189A9A1A03D1A /* Pods-Frameworks-AlamofireLogging-iOS.debug.xcconfig */;
			buildSettings = {
				CLANG_ENABLE_MODULES = YES;
				CODE_SIGN_IDENTITY = "iPhone Developer";
				"CODE_SIGN_IDENTITY[sdk=iphoneos*]" = "";
				DEFINES_MODULE = YES;
				DEVELOPMENT_TEAM = 582762VK3P;
				DYLIB_COMPATIBILITY_VERSION = 1;
				DYLIB_INSTALL_NAME_BASE = "@rpath";
				INFOPLIST_FILE = Sources/Info.plist;
				INSTALL_PATH = "$(LOCAL_LIBRARY_DIR)/Frameworks";
				LD_RUNPATH_SEARCH_PATHS = "$(inherited) @executable_path/Frameworks @loader_path/Frameworks";
				PRODUCT_BUNDLE_IDENTIFIER = com.digipolitan.alamofirelogging;
				PRODUCT_NAME = AlamofireLogging;
				SKIP_INSTALL = YES;
				SWIFT_OPTIMIZATION_LEVEL = "-Onone";
			};
			name = Debug;
		};
		A3169DC61DE05E8300BABAFD /* Release */ = {
			isa = XCBuildConfiguration;
			baseConfigurationReference = 3F07F542BF252DCE7DD724EE /* Pods-Frameworks-AlamofireLogging-iOS.release.xcconfig */;
			buildSettings = {
				CLANG_ENABLE_MODULES = YES;
				CODE_SIGN_IDENTITY = "iPhone Developer";
				"CODE_SIGN_IDENTITY[sdk=iphoneos*]" = "";
				DEFINES_MODULE = YES;
				DEVELOPMENT_TEAM = 582762VK3P;
				DYLIB_COMPATIBILITY_VERSION = 1;
				DYLIB_INSTALL_NAME_BASE = "@rpath";
				INFOPLIST_FILE = Sources/Info.plist;
				INSTALL_PATH = "$(LOCAL_LIBRARY_DIR)/Frameworks";
				LD_RUNPATH_SEARCH_PATHS = "$(inherited) @executable_path/Frameworks @loader_path/Frameworks";
				PRODUCT_BUNDLE_IDENTIFIER = com.digipolitan.alamofirelogging;
				PRODUCT_NAME = AlamofireLogging;
				SKIP_INSTALL = YES;
			};
			name = Release;
		};
		A3169DC81DE05E8300BABAFD /* Debug */ = {
			isa = XCBuildConfiguration;
			baseConfigurationReference = 48A60D07B65287DB839DD2DF /* Pods-Tests-AlamofireLoggingTests-iOS.debug.xcconfig */;
			buildSettings = {
				CURRENT_PROJECT_VERSION = 1;
				DEVELOPMENT_TEAM = 582762VK3P;
				INFOPLIST_FILE = Tests/Info.plist;
				LD_RUNPATH_SEARCH_PATHS = "$(inherited) @executable_path/Frameworks @loader_path/Frameworks";
				PRODUCT_BUNDLE_IDENTIFIER = com.digipolitan.AlamofireLoggingTests;
				PRODUCT_NAME = "$(TARGET_NAME)";
			};
			name = Debug;
		};
		A3169DC91DE05E8300BABAFD /* Release */ = {
			isa = XCBuildConfiguration;
			baseConfigurationReference = 03022444139FE7FDB4C2068F /* Pods-Tests-AlamofireLoggingTests-iOS.release.xcconfig */;
			buildSettings = {
				CURRENT_PROJECT_VERSION = 1;
				DEVELOPMENT_TEAM = 582762VK3P;
				INFOPLIST_FILE = Tests/Info.plist;
				LD_RUNPATH_SEARCH_PATHS = "$(inherited) @executable_path/Frameworks @loader_path/Frameworks";
				PRODUCT_BUNDLE_IDENTIFIER = com.digipolitan.AlamofireLoggingTests;
				PRODUCT_NAME = "$(TARGET_NAME)";
			};
			name = Release;
		};
		A3169DE41DE06EF400BABAFD /* Debug */ = {
			isa = XCBuildConfiguration;
			baseConfigurationReference = BCB503C256F952BD34CC3D79 /* Pods-Frameworks-AlamofireLogging-watchOS.debug.xcconfig */;
			buildSettings = {
				APPLICATION_EXTENSION_API_ONLY = YES;
				CLANG_ENABLE_MODULES = YES;
				"CODE_SIGN_IDENTITY[sdk=watchos*]" = "";
				DEFINES_MODULE = YES;
				DEVELOPMENT_TEAM = 582762VK3P;
				DYLIB_COMPATIBILITY_VERSION = 1;
				DYLIB_INSTALL_NAME_BASE = "@rpath";
				INFOPLIST_FILE = Sources/Info.plist;
				INSTALL_PATH = "$(LOCAL_LIBRARY_DIR)/Frameworks";
				LD_RUNPATH_SEARCH_PATHS = "$(inherited) @executable_path/Frameworks @loader_path/Frameworks";
				PRODUCT_BUNDLE_IDENTIFIER = com.digipolitan.alamofirelogging;
				PRODUCT_NAME = AlamofireLogging;
				SDKROOT = watchos;
				SKIP_INSTALL = YES;
				SWIFT_OPTIMIZATION_LEVEL = "-Onone";
				TARGETED_DEVICE_FAMILY = 4;
				WATCHOS_DEPLOYMENT_TARGET = 2.0;
			};
			name = Debug;
		};
		A3169DE51DE06EF400BABAFD /* Release */ = {
			isa = XCBuildConfiguration;
			baseConfigurationReference = 34968772036E15908177DABF /* Pods-Frameworks-AlamofireLogging-watchOS.release.xcconfig */;
			buildSettings = {
				APPLICATION_EXTENSION_API_ONLY = YES;
				CLANG_ENABLE_MODULES = YES;
				"CODE_SIGN_IDENTITY[sdk=watchos*]" = "";
				DEFINES_MODULE = YES;
				DEVELOPMENT_TEAM = 582762VK3P;
				DYLIB_COMPATIBILITY_VERSION = 1;
				DYLIB_INSTALL_NAME_BASE = "@rpath";
				INFOPLIST_FILE = Sources/Info.plist;
				INSTALL_PATH = "$(LOCAL_LIBRARY_DIR)/Frameworks";
				LD_RUNPATH_SEARCH_PATHS = "$(inherited) @executable_path/Frameworks @loader_path/Frameworks";
				PRODUCT_BUNDLE_IDENTIFIER = com.digipolitan.alamofirelogging;
				PRODUCT_NAME = AlamofireLogging;
				SDKROOT = watchos;
				SKIP_INSTALL = YES;
				TARGETED_DEVICE_FAMILY = 4;
				WATCHOS_DEPLOYMENT_TARGET = 2.0;
			};
			name = Release;
		};
		A3169E011DE0718900BABAFD /* Debug */ = {
			isa = XCBuildConfiguration;
			baseConfigurationReference = 5600124946616D636FD33F40 /* Pods-Frameworks-AlamofireLogging-tvOS.debug.xcconfig */;
			buildSettings = {
				CLANG_ENABLE_MODULES = YES;
				"CODE_SIGN_IDENTITY[sdk=appletvos*]" = "";
				DEFINES_MODULE = YES;
				DEVELOPMENT_TEAM = 582762VK3P;
				DYLIB_COMPATIBILITY_VERSION = 1;
				DYLIB_INSTALL_NAME_BASE = "@rpath";
				INFOPLIST_FILE = Sources/Info.plist;
				INSTALL_PATH = "$(LOCAL_LIBRARY_DIR)/Frameworks";
				LD_RUNPATH_SEARCH_PATHS = "$(inherited) @executable_path/Frameworks @loader_path/Frameworks";
				PRODUCT_BUNDLE_IDENTIFIER = com.digipolitan.alamofirelogging;
				PRODUCT_NAME = AlamofireLogging;
				SDKROOT = appletvos;
				SKIP_INSTALL = YES;
				SWIFT_OPTIMIZATION_LEVEL = "-Onone";
				TARGETED_DEVICE_FAMILY = 3;
				TVOS_DEPLOYMENT_TARGET = 9.0;
			};
			name = Debug;
		};
		A3169E021DE0718900BABAFD /* Release */ = {
			isa = XCBuildConfiguration;
			baseConfigurationReference = 63C7F03137E43CDE81B7700B /* Pods-Frameworks-AlamofireLogging-tvOS.release.xcconfig */;
			buildSettings = {
				CLANG_ENABLE_MODULES = YES;
				"CODE_SIGN_IDENTITY[sdk=appletvos*]" = "";
				DEFINES_MODULE = YES;
				DEVELOPMENT_TEAM = 582762VK3P;
				DYLIB_COMPATIBILITY_VERSION = 1;
				DYLIB_INSTALL_NAME_BASE = "@rpath";
				INFOPLIST_FILE = Sources/Info.plist;
				INSTALL_PATH = "$(LOCAL_LIBRARY_DIR)/Frameworks";
				LD_RUNPATH_SEARCH_PATHS = "$(inherited) @executable_path/Frameworks @loader_path/Frameworks";
				PRODUCT_BUNDLE_IDENTIFIER = com.digipolitan.alamofirelogging;
				PRODUCT_NAME = AlamofireLogging;
				SDKROOT = appletvos;
				SKIP_INSTALL = YES;
				TARGETED_DEVICE_FAMILY = 3;
				TVOS_DEPLOYMENT_TARGET = 9.0;
			};
			name = Release;
		};
		A3169E041DE0718900BABAFD /* Debug */ = {
			isa = XCBuildConfiguration;
			baseConfigurationReference = 7F2317062E3810C59D560D42 /* Pods-Tests-AlamofireLoggingTests-tvOS.debug.xcconfig */;
			buildSettings = {
				CURRENT_PROJECT_VERSION = 1;
				DEVELOPMENT_TEAM = 582762VK3P;
				INFOPLIST_FILE = Tests/Info.plist;
				LD_RUNPATH_SEARCH_PATHS = "$(inherited) @executable_path/Frameworks @loader_path/Frameworks";
				PRODUCT_BUNDLE_IDENTIFIER = com.digipolitan.AlamofireLoggingTests;
				PRODUCT_NAME = "$(TARGET_NAME)";
				SDKROOT = appletvos;
				TVOS_DEPLOYMENT_TARGET = 10.0;
			};
			name = Debug;
		};
		A3169E051DE0718900BABAFD /* Release */ = {
			isa = XCBuildConfiguration;
			baseConfigurationReference = 8BF06AFE75A3BEA915D7C5DA /* Pods-Tests-AlamofireLoggingTests-tvOS.release.xcconfig */;
			buildSettings = {
				CURRENT_PROJECT_VERSION = 1;
				DEVELOPMENT_TEAM = 582762VK3P;
				INFOPLIST_FILE = Tests/Info.plist;
				LD_RUNPATH_SEARCH_PATHS = "$(inherited) @executable_path/Frameworks @loader_path/Frameworks";
				PRODUCT_BUNDLE_IDENTIFIER = com.digipolitan.AlamofireLoggingTests;
				PRODUCT_NAME = "$(TARGET_NAME)";
				SDKROOT = appletvos;
				TVOS_DEPLOYMENT_TARGET = 10.0;
			};
			name = Release;
		};
		A3169E1E1DE072C800BABAFD /* Debug */ = {
			isa = XCBuildConfiguration;
			baseConfigurationReference = C13A2267021E90B752C4F48E /* Pods-Frameworks-AlamofireLogging-OSX.debug.xcconfig */;
			buildSettings = {
				CLANG_ENABLE_MODULES = YES;
				CODE_SIGN_IDENTITY = "";
				COMBINE_HIDPI_IMAGES = YES;
				DEFINES_MODULE = YES;
				DEVELOPMENT_TEAM = 582762VK3P;
				DYLIB_COMPATIBILITY_VERSION = 1;
				DYLIB_INSTALL_NAME_BASE = "@rpath";
				FRAMEWORK_VERSION = A;
				INFOPLIST_FILE = Sources/Info.plist;
				INSTALL_PATH = "$(LOCAL_LIBRARY_DIR)/Frameworks";
				LD_RUNPATH_SEARCH_PATHS = "$(inherited) @executable_path/../Frameworks @loader_path/Frameworks";
				PRODUCT_BUNDLE_IDENTIFIER = com.digipolitan.alamofirelogging;
				PRODUCT_NAME = AlamofireLogging;
				SDKROOT = macosx;
				SKIP_INSTALL = YES;
				SWIFT_OPTIMIZATION_LEVEL = "-Onone";
			};
			name = Debug;
		};
		A3169E1F1DE072C800BABAFD /* Release */ = {
			isa = XCBuildConfiguration;
			baseConfigurationReference = A5E987E2CB647419FFB2032D /* Pods-Frameworks-AlamofireLogging-OSX.release.xcconfig */;
			buildSettings = {
				CLANG_ENABLE_MODULES = YES;
				CODE_SIGN_IDENTITY = "";
				COMBINE_HIDPI_IMAGES = YES;
				DEFINES_MODULE = YES;
				DEVELOPMENT_TEAM = 582762VK3P;
				DYLIB_COMPATIBILITY_VERSION = 1;
				DYLIB_INSTALL_NAME_BASE = "@rpath";
				FRAMEWORK_VERSION = A;
				INFOPLIST_FILE = Sources/Info.plist;
				INSTALL_PATH = "$(LOCAL_LIBRARY_DIR)/Frameworks";
				LD_RUNPATH_SEARCH_PATHS = "$(inherited) @executable_path/../Frameworks @loader_path/Frameworks";
				PRODUCT_BUNDLE_IDENTIFIER = com.digipolitan.alamofirelogging;
				PRODUCT_NAME = AlamofireLogging;
				SDKROOT = macosx;
				SKIP_INSTALL = YES;
			};
			name = Release;
		};
		A3169E211DE072C800BABAFD /* Debug */ = {
			isa = XCBuildConfiguration;
			baseConfigurationReference = 3578D3909F1F4C9482DBE2DF /* Pods-Tests-AlamofireLoggingTests-OSX.debug.xcconfig */;
			buildSettings = {
				COMBINE_HIDPI_IMAGES = YES;
				CURRENT_PROJECT_VERSION = 1;
				DEVELOPMENT_TEAM = 582762VK3P;
				INFOPLIST_FILE = Tests/Info.plist;
				LD_RUNPATH_SEARCH_PATHS = "$(inherited) @executable_path/../Frameworks @loader_path/../Frameworks";
				MACOSX_DEPLOYMENT_TARGET = 10.12;
				PRODUCT_BUNDLE_IDENTIFIER = com.digipolitan.AlamofireLoggingTests;
				PRODUCT_NAME = "$(TARGET_NAME)";
				SDKROOT = macosx;
			};
			name = Debug;
		};
		A3169E221DE072C800BABAFD /* Release */ = {
			isa = XCBuildConfiguration;
			baseConfigurationReference = D8EA6C30A4AFD555E9C142D4 /* Pods-Tests-AlamofireLoggingTests-OSX.release.xcconfig */;
			buildSettings = {
				COMBINE_HIDPI_IMAGES = YES;
				CURRENT_PROJECT_VERSION = 1;
				DEVELOPMENT_TEAM = 582762VK3P;
				INFOPLIST_FILE = Tests/Info.plist;
				LD_RUNPATH_SEARCH_PATHS = "$(inherited) @executable_path/../Frameworks @loader_path/../Frameworks";
				MACOSX_DEPLOYMENT_TARGET = 10.12;
				PRODUCT_BUNDLE_IDENTIFIER = com.digipolitan.AlamofireLoggingTests;
				PRODUCT_NAME = "$(TARGET_NAME)";
				SDKROOT = macosx;
			};
			name = Release;
		};
/* End XCBuildConfiguration section */

/* Begin XCConfigurationList section */
		A3169DAA1DE05E8300BABAFD /* Build configuration list for PBXProject "AlamofireLogging" */ = {
			isa = XCConfigurationList;
			buildConfigurations = (
				A3169DC21DE05E8300BABAFD /* Debug */,
				A3169DC31DE05E8300BABAFD /* Release */,
			);
			defaultConfigurationIsVisible = 0;
			defaultConfigurationName = Release;
		};
		A3169DC41DE05E8300BABAFD /* Build configuration list for PBXNativeTarget "AlamofireLogging-iOS" */ = {
			isa = XCConfigurationList;
			buildConfigurations = (
				A3169DC51DE05E8300BABAFD /* Debug */,
				A3169DC61DE05E8300BABAFD /* Release */,
			);
			defaultConfigurationIsVisible = 0;
			defaultConfigurationName = Release;
		};
		A3169DC71DE05E8300BABAFD /* Build configuration list for PBXNativeTarget "AlamofireLoggingTests-iOS" */ = {
			isa = XCConfigurationList;
			buildConfigurations = (
				A3169DC81DE05E8300BABAFD /* Debug */,
				A3169DC91DE05E8300BABAFD /* Release */,
			);
			defaultConfigurationIsVisible = 0;
			defaultConfigurationName = Release;
		};
		A3169DE31DE06EF400BABAFD /* Build configuration list for PBXNativeTarget "AlamofireLogging-watchOS" */ = {
			isa = XCConfigurationList;
			buildConfigurations = (
				A3169DE41DE06EF400BABAFD /* Debug */,
				A3169DE51DE06EF400BABAFD /* Release */,
			);
			defaultConfigurationIsVisible = 0;
			defaultConfigurationName = Release;
		};
		A3169E001DE0718900BABAFD /* Build configuration list for PBXNativeTarget "AlamofireLogging-tvOS" */ = {
			isa = XCConfigurationList;
			buildConfigurations = (
				A3169E011DE0718900BABAFD /* Debug */,
				A3169E021DE0718900BABAFD /* Release */,
			);
			defaultConfigurationIsVisible = 0;
			defaultConfigurationName = Release;
		};
		A3169E031DE0718900BABAFD /* Build configuration list for PBXNativeTarget "AlamofireLoggingTests-tvOS" */ = {
			isa = XCConfigurationList;
			buildConfigurations = (
				A3169E041DE0718900BABAFD /* Debug */,
				A3169E051DE0718900BABAFD /* Release */,
			);
			defaultConfigurationIsVisible = 0;
			defaultConfigurationName = Release;
		};
		A3169E1D1DE072C800BABAFD /* Build configuration list for PBXNativeTarget "AlamofireLogging-OSX" */ = {
			isa = XCConfigurationList;
			buildConfigurations = (
				A3169E1E1DE072C800BABAFD /* Debug */,
				A3169E1F1DE072C800BABAFD /* Release */,
			);
			defaultConfigurationIsVisible = 0;
			defaultConfigurationName = Release;
		};
		A3169E201DE072C800BABAFD /* Build configuration list for PBXNativeTarget "AlamofireLoggingTests-OSX" */ = {
			isa = XCConfigurationList;
			buildConfigurations = (
				A3169E211DE072C800BABAFD /* Debug */,
				A3169E221DE072C800BABAFD /* Release */,
			);
			defaultConfigurationIsVisible = 0;
			defaultConfigurationName = Release;
		};
/* End XCConfigurationList section */
	};
	rootObject = A3169DA71DE05E8300BABAFD /* Project object */;
}
